
Microsoft Visual Studio Solution File, Format Version 12.00
# Visual Studio 15
VisualStudioVersion = 15.0.28016.0
MinimumVisualStudioVersion = 10.0.40219.1
Project("{FAE04EC0-301F-11D3-BF4B-00C04F79EFBC}") = "Mini-Biggy.Storage.AzureBlob", "Mini-Biggy.Storage.AzureBlob\Mini-Biggy.Storage.AzureBlob.csproj", "{1FF01804-A125-49A7-9C7C-9DDF3AE9E986}"
EndProject
Project("{FAE04EC0-301F-11D3-BF4B-00C04F79EFBC}") = "Mini-Biggy.Storage.AzureBlob.Cmd", "Mini-Biggy.Storage.AzureBlob.Cmd\Mini-Biggy.Storage.AzureBlob.Cmd.csproj", "{69C4781A-2A94-46BB-A28B-6EAA07CF9A3C}"
EndProject
Global
	GlobalSection(SolutionConfigurationPlatforms) = preSolution
		Debug|Any CPU = Debug|Any CPU
		Release|Any CPU = Release|Any CPU
	EndGlobalSection
	GlobalSection(ProjectConfigurationPlatforms) = postSolution
		{1FF01804-A125-49A7-9C7C-9DDF3AE9E986}.Debug|Any CPU.ActiveCfg = Debug|Any CPU
		{1FF01804-A125-49A7-9C7C-9DDF3AE9E986}.Debug|Any CPU.Build.0 = Debug|Any CPU
		{1FF01804-A125-49A7-9C7C-9DDF3AE9E986}.Release|Any CPU.ActiveCfg = Release|Any CPU
		{1FF01804-A125-49A7-9C7C-9DDF3AE9E986}.Release|Any CPU.Build.0 = Release|Any CPU
		{69C4781A-2A94-46BB-A28B-6EAA07CF9A3C}.Debug|Any CPU.ActiveCfg = Debug|Any CPU
		{69C4781A-2A94-46BB-A28B-6EAA07CF9A3C}.Debug|Any CPU.Build.0 = Debug|Any CPU
		{69C4781A-2A94-46BB-A28B-6EAA07CF9A3C}.Release|Any CPU.ActiveCfg = Release|Any CPU
		{69C4781A-2A94-46BB-A28B-6EAA07CF9A3C}.Release|Any CPU.Build.0 = Release|Any CPU
	EndGlobalSection
	GlobalSection(SolutionProperties) = preSolution
		HideSolutionNode = FALSE
	EndGlobalSection
	GlobalSection(ExtensibilityGlobals) = postSolution
		SolutionGuid = {BF1A7C15-8E3A-45CA-932A-C101EAB8BD42}
	EndGlobalSection
EndGlobal
